
Microsoft Visual Studio Solution File, Format Version 12.00
# Visual Studio Version 17
VisualStudioVersion = 17.4.33213.308
MinimumVisualStudioVersion = 10.0.40219.1
Project("{FAE04EC0-301F-11D3-BF4B-00C04F79EFBC}") = "DapperCodeFirstMappings", "DapperCodeFirstMappings\DapperCodeFirstMappings.csproj", "{B438E08F-A128-48A6-A8CD-9E69E6F80B2F}"
EndProject
Project("{FAE04EC0-301F-11D3-BF4B-00C04F79EFBC}") = "DapperCodeFirstMappings.Tests", "DapperCodeFirstMappings.Tests\DapperCodeFirstMappings.Tests.csproj", "{EE8AD5D9-4613-4F01-9686-A3F4F7C1100E}"
EndProject
Project("{2150E333-8FDC-42A3-9474-1A3956D46DE8}") = "Éléments de solution", "Éléments de solution", "{1D1DEA7F-3F3E-45A6-8731-5A75D885B550}"
	ProjectSection(SolutionItems) = preProject
		.gitignore = .gitignore
		LICENCE.md = LICENCE.md
		README.md = README.md
	EndProjectSection
EndProject
Global
	GlobalSection(SolutionConfigurationPlatforms) = preSolution
		Debug|Any CPU = Debug|Any CPU
		Release|Any CPU = Release|Any CPU
	EndGlobalSection
	GlobalSection(ProjectConfigurationPlatforms) = postSolution
		{B438E08F-A128-48A6-A8CD-9E69E6F80B2F}.Debug|Any CPU.ActiveCfg = Debug|Any CPU
		{B438E08F-A128-48A6-A8CD-9E69E6F80B2F}.Debug|Any CPU.Build.0 = Debug|Any CPU
		{B438E08F-A128-48A6-A8CD-9E69E6F80B2F}.Release|Any CPU.ActiveCfg = Release|Any CPU
		{B438E08F-A128-48A6-A8CD-9E69E6F80B2F}.Release|Any CPU.Build.0 = Release|Any CPU
		{EE8AD5D9-4613-4F01-9686-A3F4F7C1100E}.Debug|Any CPU.ActiveCfg = Debug|Any CPU
		{EE8AD5D9-4613-4F01-9686-A3F4F7C1100E}.Debug|Any CPU.Build.0 = Debug|Any CPU
		{EE8AD5D9-4613-4F01-9686-A3F4F7C1100E}.Release|Any CPU.ActiveCfg = Release|Any CPU
		{EE8AD5D9-4613-4F01-9686-A3F4F7C1100E}.Release|Any CPU.Build.0 = Release|Any CPU
	EndGlobalSection
	GlobalSection(SolutionProperties) = preSolution
		HideSolutionNode = FALSE
	EndGlobalSection
	GlobalSection(ExtensibilityGlobals) = postSolution
		SolutionGuid = {412B81DC-7CB0-4093-9E04-137B3B121638}
	EndGlobalSection
EndGlobal
